
Microsoft Visual Studio Solution File, Format Version 12.00
# Visual Studio Version 16
VisualStudioVersion = 16.0.29709.97
MinimumVisualStudioVersion = 10.0.40219.1
Project("{FAE04EC0-301F-11D3-BF4B-00C04F79EFBC}") = "Tema 4 ex2", "Tema 4 ex2\Tema 4 ex2.csproj", "{A616DD8D-A63F-4640-A312-5C6C37BD91E0}"
EndProject
Global
	GlobalSection(SolutionConfigurationPlatforms) = preSolution
		Debug|Any CPU = Debug|Any CPU
		Release|Any CPU = Release|Any CPU
	EndGlobalSection
	GlobalSection(ProjectConfigurationPlatforms) = postSolution
		{A616DD8D-A63F-4640-A312-5C6C37BD91E0}.Debug|Any CPU.ActiveCfg = Debug|Any CPU
		{A616DD8D-A63F-4640-A312-5C6C37BD91E0}.Debug|Any CPU.Build.0 = Debug|Any CPU
		{A616DD8D-A63F-4640-A312-5C6C37BD91E0}.Release|Any CPU.ActiveCfg = Release|Any CPU
		{A616DD8D-A63F-4640-A312-5C6C37BD91E0}.Release|Any CPU.Build.0 = Release|Any CPU
	EndGlobalSection
	GlobalSection(SolutionProperties) = preSolution
		HideSolutionNode = FALSE
	EndGlobalSection
	GlobalSection(ExtensibilityGlobals) = postSolution
		SolutionGuid = {83372811-1EF4-41FB-B5B4-2508EBFA65AD}
	EndGlobalSection
EndGlobal
